
Microsoft Visual Studio Solution File, Format Version 12.00
# Visual Studio Version 17
VisualStudioVersion = 17.2.32314.265
MinimumVisualStudioVersion = 10.0.40219.1
Project("{FAE04EC0-301F-11D3-BF4B-00C04F79EFBC}") = "Album-API", "Album-API\Album-API.csproj", "{00FA9D06-50EF-47E0-8DBB-C200273F5616}"
EndProject
Global
	GlobalSection(SolutionConfigurationPlatforms) = preSolution
		Debug|Any CPU = Debug|Any CPU
		Release|Any CPU = Release|Any CPU
	EndGlobalSection
	GlobalSection(ProjectConfigurationPlatforms) = postSolution
		{00FA9D06-50EF-47E0-8DBB-C200273F5616}.Debug|Any CPU.ActiveCfg = Debug|Any CPU
		{00FA9D06-50EF-47E0-8DBB-C200273F5616}.Debug|Any CPU.Build.0 = Debug|Any CPU
		{00FA9D06-50EF-47E0-8DBB-C200273F5616}.Release|Any CPU.ActiveCfg = Release|Any CPU
		{00FA9D06-50EF-47E0-8DBB-C200273F5616}.Release|Any CPU.Build.0 = Release|Any CPU
	EndGlobalSection
	GlobalSection(SolutionProperties) = preSolution
		HideSolutionNode = FALSE
	EndGlobalSection
	GlobalSection(ExtensibilityGlobals) = postSolution
		SolutionGuid = {99387A6F-D146-4F3C-B853-561A5F59EC02}
	EndGlobalSection
EndGlobal
